
Microsoft Visual Studio Solution File, Format Version 12.00
# Visual Studio Version 17
VisualStudioVersion = 17.1.32421.90
MinimumVisualStudioVersion = 10.0.40219.1
Project("{9A19103F-16F7-4668-BE54-9A1E7A4F7556}") = "InformaLink.WebApi", "InformaLink.WebApi\InformaLink.WebApi.csproj", "{56FC5785-0613-4BF1-B9B0-C53E8A025CA8}"
EndProject
Project("{FAE04EC0-301F-11D3-BF4B-00C04F79EFBC}") = "InformaLink.Client", "InformaLink.Client\InformaLink.Client.csproj", "{DCD08780-C01E-4275-A1A3-C993BE062D55}"
EndProject
Project("{FAE04EC0-301F-11D3-BF4B-00C04F79EFBC}") = "WpfTestClient", "WpfTestClient\WpfTestClient.csproj", "{EBD9DC91-6F34-4DD9-9103-BB55EE1A0BB5}"
EndProject
Global
	GlobalSection(SolutionConfigurationPlatforms) = preSolution
		Debug|Any CPU = Debug|Any CPU
		Release|Any CPU = Release|Any CPU
	EndGlobalSection
	GlobalSection(ProjectConfigurationPlatforms) = postSolution
		{56FC5785-0613-4BF1-B9B0-C53E8A025CA8}.Debug|Any CPU.ActiveCfg = Debug|Any CPU
		{56FC5785-0613-4BF1-B9B0-C53E8A025CA8}.Debug|Any CPU.Build.0 = Debug|Any CPU
		{56FC5785-0613-4BF1-B9B0-C53E8A025CA8}.Release|Any CPU.ActiveCfg = Release|Any CPU
		{56FC5785-0613-4BF1-B9B0-C53E8A025CA8}.Release|Any CPU.Build.0 = Release|Any CPU
		{DCD08780-C01E-4275-A1A3-C993BE062D55}.Debug|Any CPU.ActiveCfg = Debug|Any CPU
		{DCD08780-C01E-4275-A1A3-C993BE062D55}.Debug|Any CPU.Build.0 = Debug|Any CPU
		{DCD08780-C01E-4275-A1A3-C993BE062D55}.Release|Any CPU.ActiveCfg = Release|Any CPU
		{DCD08780-C01E-4275-A1A3-C993BE062D55}.Release|Any CPU.Build.0 = Release|Any CPU
		{EBD9DC91-6F34-4DD9-9103-BB55EE1A0BB5}.Debug|Any CPU.ActiveCfg = Debug|Any CPU
		{EBD9DC91-6F34-4DD9-9103-BB55EE1A0BB5}.Debug|Any CPU.Build.0 = Debug|Any CPU
		{EBD9DC91-6F34-4DD9-9103-BB55EE1A0BB5}.Release|Any CPU.ActiveCfg = Release|Any CPU
		{EBD9DC91-6F34-4DD9-9103-BB55EE1A0BB5}.Release|Any CPU.Build.0 = Release|Any CPU
	EndGlobalSection
	GlobalSection(SolutionProperties) = preSolution
		HideSolutionNode = FALSE
	EndGlobalSection
	GlobalSection(ExtensibilityGlobals) = postSolution
		SolutionGuid = {87BC3EAE-C079-47E9-836A-F7D5FEC6CD79}
	EndGlobalSection
EndGlobal
